// !$*UTF8*$!
{
	archiveVersion = 1;
	classes = {
	};
	objectVersion = 77;
	objects = {

/* Begin PBXBuildFile section */
		630AE2222F9C01B100B067CD /* CoastCastWidgetExtension.appex in Embed Foundation Extensions */ = {isa = PBXBuildFile; fileRef = DEF9A78A2F9BB8D600640CE1 /* CoastCastWidgetExtension.appex */; settings = {ATTRIBUTES = (RemoveHeadersOnCopy, ); }; };
		DEF9A78D2F9BB8D600640CE1 /* WidgetKit.framework in Frameworks */ = {isa = PBXBuildFile; fileRef = DEF9A78C2F9BB8D600640CE1 /* WidgetKit.framework */; };
		DEF9A78F2F9BB8D600640CE1 /* SwiftUI.framework in Frameworks */ = {isa = PBXBuildFile; fileRef = DEF9A78E2F9BB8D600640CE1 /* SwiftUI.framework */; };
/* End PBXBuildFile section */

/* Begin PBXContainerItemProxy section */
		630AE2232F9C01B100B067CD /* PBXContainerItemProxy */ = {
			isa = PBXContainerItemProxy;
			containerPortal = 63CEE3E62F6C86C4001EA186 /* Project object */;
			proxyType = 1;
			remoteGlobalIDString = DEF9A7892F9BB8D600640CE1;
			remoteInfo = CoastCastWidgetExtension;
		};
		630AE2262F9C01B600B067CD /* PBXContainerItemProxy */ = {
			isa = PBXContainerItemProxy;
			containerPortal = 63CEE3E62F6C86C4001EA186 /* Project object */;
			proxyType = 1;
			remoteGlobalIDString = DEF9A7892F9BB8D600640CE1;
			remoteInfo = CoastCastWidgetExtension;
		};
		630AE2282F9C01BF00B067CD /* PBXContainerItemProxy */ = {
			isa = PBXContainerItemProxy;
			containerPortal = 63CEE3E62F6C86C4001EA186 /* Project object */;
			proxyType = 1;
			remoteGlobalIDString = DEF9A7892F9BB8D600640CE1;
			remoteInfo = CoastCastWidgetExtension;
		};
		630AE22A2F9C01C700B067CD /* PBXContainerItemProxy */ = {
			isa = PBXContainerItemProxy;
			containerPortal = 63CEE3E62F6C86C4001EA186 /* Project object */;
			proxyType = 1;
			remoteGlobalIDString = DEF9A7892F9BB8D600640CE1;
			remoteInfo = CoastCastWidgetExtension;
		};
		63493FA42F86E9BA00C8EB4A /* PBXContainerItemProxy */ = {
			isa = PBXContainerItemProxy;
			containerPortal = 63CEE3E62F6C86C4001EA186 /* Project object */;
			proxyType = 1;
			remoteGlobalIDString = 63CEE3ED2F6C86C4001EA186;
			remoteInfo = MichiganAPIWeather;
		};
/* End PBXContainerItemProxy section */

/* Begin PBXCopyFilesBuildPhase section */
		630AE2252F9C01B100B067CD /* Embed Foundation Extensions */ = {
			isa = PBXCopyFilesBuildPhase;
			buildActionMask = 2147483647;
			dstPath = "";
			dstSubfolderSpec = 13;
			files = (
				630AE2222F9C01B100B067CD /* CoastCastWidgetExtension.appex in Embed Foundation Extensions */,
			);
			name = "Embed Foundation Extensions";
			runOnlyForDeploymentPostprocessing = 0;
		};
/* End PBXCopyFilesBuildPhase section */

/* Begin PBXFileReference section */
		63493FA02F86E9BA00C8EB4A /* MichiganAPIWeatherTests.xctest */ = {isa = PBXFileReference; explicitFileType = wrapper.cfbundle; includeInIndex = 0; path = MichiganAPIWeatherTests.xctest; sourceTree = BUILT_PRODUCTS_DIR; };
		63CEE3EE2F6C86C4001EA186 /* MichiganAPIWeather.app */ = {isa = PBXFileReference; explicitFileType = wrapper.application; includeInIndex = 0; path = MichiganAPIWeather.app; sourceTree = BUILT_PRODUCTS_DIR; };
		DEF9A78A2F9BB8D600640CE1 /* CoastCastWidgetExtension.appex */ = {isa = PBXFileReference; explicitFileType = "wrapper.app-extension"; includeInIndex = 0; path = CoastCastWidgetExtension.appex; sourceTree = BUILT_PRODUCTS_DIR; };
		DEF9A78C2F9BB8D600640CE1 /* WidgetKit.framework */ = {isa = PBXFileReference; lastKnownFileType = wrapper.framework; name = WidgetKit.framework; path = System/Library/Frameworks/WidgetKit.framework; sourceTree = SDKROOT; };
		DEF9A78E2F9BB8D600640CE1 /* SwiftUI.framework */ = {isa = PBXFileReference; lastKnownFileType = wrapper.framework; name = SwiftUI.framework; path = System/Library/Frameworks/SwiftUI.framework; sourceTree = SDKROOT; };
/* End PBXFileReference section */

/* Begin PBXFileSystemSynchronizedBuildFileExceptionSet section */
		63493FAC2F86EA0100C8EB4A /* Exceptions for "MichiganAPIWeather" folder in "MichiganAPIWeatherTests" target */ = {
			isa = PBXFileSystemSynchronizedBuildFileExceptionSet;
			membershipExceptions = (
				CrowdMeter/BeachCrowdClassifier.mlpackage,
			);
			target = 63493F9F2F86E9BA00C8EB4A /* MichiganAPIWeatherTests */;
		};
		636FE56B2FA04BDF00325FD4 /* Exceptions for "MichiganAPIWeather" folder in "MichiganAPIWeather" target */ = {
			isa = PBXFileSystemSynchronizedBuildFileExceptionSet;
			membershipExceptions = (
				Info.plist,
			);
			target = 63CEE3ED2F6C86C4001EA186 /* MichiganAPIWeather */;
		};
		DEF9A7A42F9BB8D700640CE1 /* Exceptions for "CoastCastWidget" folder in "CoastCastWidgetExtension" target */ = {
			isa = PBXFileSystemSynchronizedBuildFileExceptionSet;
			membershipExceptions = (
				Info.plist,
			);
			target = DEF9A7892F9BB8D600640CE1 /* CoastCastWidgetExtension */;
		};
/* End PBXFileSystemSynchronizedBuildFileExceptionSet section */

/* Begin PBXFileSystemSynchronizedRootGroup section */
		63493FA12F86E9BA00C8EB4A /* MichiganAPIWeatherTests */ = {
			isa = PBXFileSystemSynchronizedRootGroup;
			path = MichiganAPIWeatherTests;
			sourceTree = "<group>";
		};
		63CEE3F02F6C86C4001EA186 /* MichiganAPIWeather */ = {
			isa = PBXFileSystemSynchronizedRootGroup;
			exceptions = (
				636FE56B2FA04BDF00325FD4 /* Exceptions for "MichiganAPIWeather" folder in "MichiganAPIWeather" target */,
				63493FAC2F86EA0100C8EB4A /* Exceptions for "MichiganAPIWeather" folder in "MichiganAPIWeatherTests" target */,
			);
			path = MichiganAPIWeather;
			sourceTree = "<group>";
		};
		DEF9A7902F9BB8D600640CE1 /* CoastCastWidget */ = {
			isa = PBXFileSystemSynchronizedRootGroup;
			exceptions = (
				DEF9A7A42F9BB8D700640CE1 /* Exceptions for "CoastCastWidget" folder in "CoastCastWidgetExtension" target */,
			);
			path = CoastCastWidget;
			sourceTree = "<group>";
		};
/* End PBXFileSystemSynchronizedRootGroup section */

/* Begin PBXFrameworksBuildPhase section */
		63493F9D2F86E9BA00C8EB4A /* Frameworks */ = {
			isa = PBXFrameworksBuildPhase;
			buildActionMask = 2147483647;
			files = (
			);
			runOnlyForDeploymentPostprocessing = 0;
		};
		63CEE3EB2F6C86C4001EA186 /* Frameworks */ = {
			isa = PBXFrameworksBuildPhase;
			buildActionMask = 2147483647;
			files = (
			);
			runOnlyForDeploymentPostprocessing = 0;
		};
		DEF9A7872F9BB8D600640CE1 /* Frameworks */ = {
			isa = PBXFrameworksBuildPhase;
			buildActionMask = 2147483647;
			files = (
				DEF9A78F2F9BB8D600640CE1 /* SwiftUI.framework in Frameworks */,
				DEF9A78D2F9BB8D600640CE1 /* WidgetKit.framework in Frameworks */,
			);
			runOnlyForDeploymentPostprocessing = 0;
		};
/* End PBXFrameworksBuildPhase section */

/* Begin PBXGroup section */
		63CEE3E52F6C86C4001EA186 = {
			isa = PBXGroup;
			children = (
				63CEE3F02F6C86C4001EA186 /* MichiganAPIWeather */,
				63493FA12F86E9BA00C8EB4A /* MichiganAPIWeatherTests */,
				DEF9A7902F9BB8D600640CE1 /* CoastCastWidget */,
				DEF9A78B2F9BB8D600640CE1 /* Frameworks */,
				63CEE3EF2F6C86C4001EA186 /* Products */,
			);
			sourceTree = "<group>";
		};
		63CEE3EF2F6C86C4001EA186 /* Products */ = {
			isa = PBXGroup;
			children = (
				63CEE3EE2F6C86C4001EA186 /* MichiganAPIWeather.app */,
				63493FA02F86E9BA00C8EB4A /* MichiganAPIWeatherTests.xctest */,
				DEF9A78A2F9BB8D600640CE1 /* CoastCastWidgetExtension.appex */,
			);
			name = Products;
			sourceTree = "<group>";
		};
		DEF9A78B2F9BB8D600640CE1 /* Frameworks */ = {
			isa = PBXGroup;
			children = (
				DEF9A78C2F9BB8D600640CE1 /* WidgetKit.framework */,
				DEF9A78E2F9BB8D600640CE1 /* SwiftUI.framework */,
			);
			name = Frameworks;
			sourceTree = "<group>";
		};
/* End PBXGroup section */

/* Begin PBXNativeTarget section */
		63493F9F2F86E9BA00C8EB4A /* MichiganAPIWeatherTests */ = {
			isa = PBXNativeTarget;
			buildConfigurationList = 63493FA62F86E9BA00C8EB4A /* Build configuration list for PBXNativeTarget "MichiganAPIWeatherTests" */;
			buildPhases = (
				63493F9C2F86E9BA00C8EB4A /* Sources */,
				63493F9D2F86E9BA00C8EB4A /* Frameworks */,
				63493F9E2F86E9BA00C8EB4A /* Resources */,
			);
			buildRules = (
			);
			dependencies = (
				63493FA52F86E9BA00C8EB4A /* PBXTargetDependency */,
			);
			fileSystemSynchronizedGroups = (
				63493FA12F86E9BA00C8EB4A /* MichiganAPIWeatherTests */,
			);
			name = MichiganAPIWeatherTests;
			packageProductDependencies = (
			);
			productName = MichiganAPIWeatherTests;
			productReference = 63493FA02F86E9BA00C8EB4A /* MichiganAPIWeatherTests.xctest */;
			productType = "com.apple.product-type.bundle.unit-test";
		};
		63CEE3ED2F6C86C4001EA186 /* MichiganAPIWeather */ = {
			isa = PBXNativeTarget;
			buildConfigurationList = 63CEE3F92F6C86C6001EA186 /* Build configuration list for PBXNativeTarget "MichiganAPIWeather" */;
			buildPhases = (
				63CEE3EA2F6C86C4001EA186 /* Sources */,
				63CEE3EB2F6C86C4001EA186 /* Frameworks */,
				63CEE3EC2F6C86C4001EA186 /* Resources */,
				630AE2252F9C01B100B067CD /* Embed Foundation Extensions */,
			);
			buildRules = (
			);
			dependencies = (
				630AE2242F9C01B100B067CD /* PBXTargetDependency */,
				630AE2272F9C01B600B067CD /* PBXTargetDependency */,
				630AE2292F9C01BF00B067CD /* PBXTargetDependency */,
				630AE22B2F9C01C700B067CD /* PBXTargetDependency */,
			);
			fileSystemSynchronizedGroups = (
				63CEE3F02F6C86C4001EA186 /* MichiganAPIWeather */,
			);
			name = MichiganAPIWeather;
			packageProductDependencies = (
			);
			productName = MichiganAPIWeather;
			productReference = 63CEE3EE2F6C86C4001EA186 /* MichiganAPIWeather.app */;
			productType = "com.apple.product-type.application";
		};
		DEF9A7892F9BB8D600640CE1 /* CoastCastWidgetExtension */ = {
			isa = PBXNativeTarget;
			buildConfigurationList = DEF9A7A12F9BB8D700640CE1 /* Build configuration list for PBXNativeTarget "CoastCastWidgetExtension" */;
			buildPhases = (
				DEF9A7862F9BB8D600640CE1 /* Sources */,
				DEF9A7872F9BB8D600640CE1 /* Frameworks */,
				DEF9A7882F9BB8D600640CE1 /* Resources */,
			);
			buildRules = (
			);
			dependencies = (
			);
			fileSystemSynchronizedGroups = (
				DEF9A7902F9BB8D600640CE1 /* CoastCastWidget */,
			);
			name = CoastCastWidgetExtension;
			packageProductDependencies = (
			);
			productName = CoastCastWidgetExtension;
			productReference = DEF9A78A2F9BB8D600640CE1 /* CoastCastWidgetExtension.appex */;
			productType = "com.apple.product-type.app-extension";
		};
/* End PBXNativeTarget section */

/* Begin PBXProject section */
		63CEE3E62F6C86C4001EA186 /* Project object */ = {
			isa = PBXProject;
			attributes = {
				BuildIndependentTargetsInParallel = 1;
				LastSwiftUpdateCheck = 2640;
				LastUpgradeCheck = 2630;
				TargetAttributes = {
					63493F9F2F86E9BA00C8EB4A = {
						CreatedOnToolsVersion = 26.3;
					};
					63CEE3ED2F6C86C4001EA186 = {
						CreatedOnToolsVersion = 26.3;
					};
					DEF9A7892F9BB8D600640CE1 = {
						CreatedOnToolsVersion = 26.4.1;
					};
				};
			};
			buildConfigurationList = 63CEE3E92F6C86C4001EA186 /* Build configuration list for PBXProject "MichiganAPIWeather" */;
			developmentRegion = en;
			hasScannedForEncodings = 0;
			knownRegions = (
				en,
				Base,
			);
			mainGroup = 63CEE3E52F6C86C4001EA186;
			minimizedProjectReferenceProxies = 1;
			preferredProjectObjectVersion = 77;
			productRefGroup = 63CEE3EF2F6C86C4001EA186 /* Products */;
			projectDirPath = "";
			projectRoot = "";
			targets = (
				63CEE3ED2F6C86C4001EA186 /* MichiganAPIWeather */,
				63493F9F2F86E9BA00C8EB4A /* MichiganAPIWeatherTests */,
				DEF9A7892F9BB8D600640CE1 /* CoastCastWidgetExtension */,
			);
		};
/* End PBXProject section */

/* Begin PBXResourcesBuildPhase section */
		63493F9E2F86E9BA00C8EB4A /* Resources */ = {
			isa = PBXResourcesBuildPhase;
			buildActionMask = 2147483647;
			files = (
			);
			runOnlyForDeploymentPostprocessing = 0;
		};
		63CEE3EC2F6C86C4001EA186 /* Resources */ = {
			isa = PBXResourcesBuildPhase;
			buildActionMask = 2147483647;
			files = (
			);
			runOnlyForDeploymentPostprocessing = 0;
		};
		DEF9A7882F9BB8D600640CE1 /* Resources */ = {
			isa = PBXResourcesBuildPhase;
			buildActionMask = 2147483647;
			files = (
			);
			runOnlyForDeploymentPostprocessing = 0;
		};
/* End PBXResourcesBuildPhase section */

/* Begin PBXSourcesBuildPhase section */
		63493F9C2F86E9BA00C8EB4A /* Sources */ = {
			isa = PBXSourcesBuildPhase;
			buildActionMask = 2147483647;
			files = (
			);
			runOnlyForDeploymentPostprocessing = 0;
		};
		63CEE3EA2F6C86C4001EA186 /* Sources */ = {
			isa = PBXSourcesBuildPhase;
			buildActionMask = 2147483647;
			files = (
			);
			runOnlyForDeploymentPostprocessing = 0;
		};
		DEF9A7862F9BB8D600640CE1 /* Sources */ = {
			isa = PBXSourcesBuildPhase;
			buildActionMask = 2147483647;
			files = (
			);
			runOnlyForDeploymentPostprocessing = 0;
		};
/* End PBXSourcesBuildPhase section */

/* Begin PBXTargetDependency section */
		630AE2242F9C01B100B067CD /* PBXTargetDependency */ = {
			isa = PBXTargetDependency;
			target = DEF9A7892F9BB8D600640CE1 /* CoastCastWidgetExtension */;
			targetProxy = 630AE2232F9C01B100B067CD /* PBXContainerItemProxy */;
		};
		630AE2272F9C01B600B067CD /* PBXTargetDependency */ = {
			isa = PBXTargetDependency;
			target = DEF9A7892F9BB8D600640CE1 /* CoastCastWidgetExtension */;
			targetProxy = 630AE2262F9C01B600B067CD /* PBXContainerItemProxy */;
		};
		630AE2292F9C01BF00B067CD /* PBXTargetDependency */ = {
			isa = PBXTargetDependency;
			target = DEF9A7892F9BB8D600640CE1 /* CoastCastWidgetExtension */;
			targetProxy = 630AE2282F9C01BF00B067CD /* PBXContainerItemProxy */;
		};
		630AE22B2F9C01C700B067CD /* PBXTargetDependency */ = {
			isa = PBXTargetDependency;
			target = DEF9A7892F9BB8D600640CE1 /* CoastCastWidgetExtension */;
			targetProxy = 630AE22A2F9C01C700B067CD /* PBXContainerItemProxy */;
		};
		63493FA52F86E9BA00C8EB4A /* PBXTargetDependency */ = {
			isa = PBXTargetDependency;
			target = 63CEE3ED2F6C86C4001EA186 /* MichiganAPIWeather */;
			targetProxy = 63493FA42F86E9BA00C8EB4A /* PBXContainerItemProxy */;
		};
/* End PBXTargetDependency section */

/* Begin XCBuildConfiguration section */
		63493FA72F86E9BA00C8EB4A /* Debug */ = {
			isa = XCBuildConfiguration;
			buildSettings = {
				CODE_SIGN_STYLE = Automatic;
				CURRENT_PROJECT_VERSION = 1;
				DEVELOPMENT_TEAM = HCJNSG5PP5;
				GENERATE_INFOPLIST_FILE = YES;
				IPHONEOS_DEPLOYMENT_TARGET = 26.0;
				MARKETING_VERSION = 1.0;
				PRODUCT_BUNDLE_IDENTIFIER = com.henley.jaiden.CoastCast.tests;
				PRODUCT_NAME = "$(TARGET_NAME)";
				STRING_CATALOG_GENERATE_SYMBOLS = NO;
				SWIFT_APPROACHABLE_CONCURRENCY = YES;
				SWIFT_EMIT_LOC_STRINGS = NO;
				SWIFT_UPCOMING_FEATURE_MEMBER_IMPORT_VISIBILITY = YES;
				SWIFT_VERSION = 5.0;
				TARGETED_DEVICE_FAMILY = "1,2";
			};
			name = Debug;
		};
		63493FA82F86E9BA00C8EB4A /* Release */ = {
			isa = XCBuildConfiguration;
			buildSettings = {
				CODE_SIGN_STYLE = Automatic;
				CURRENT_PROJECT_VERSION = 1;
				DEVELOPMENT_TEAM = HCJNSG5PP5;
				GENERATE_INFOPLIST_FILE = YES;
				IPHONEOS_DEPLOYMENT_TARGET = 26.0;
				MARKETING_VERSION = 1.0;
				PRODUCT_BUNDLE_IDENTIFIER = com.henley.jaiden.CoastCast.tests;
				PRODUCT_NAME = "$(TARGET_NAME)";
				STRING_CATALOG_GENERATE_SYMBOLS = NO;
				SWIFT_APPROACHABLE_CONCURRENCY = YES;
				SWIFT_EMIT_LOC_STRINGS = NO;
				SWIFT_UPCOMING_FEATURE_MEMBER_IMPORT_VISIBILITY = YES;
				SWIFT_VERSION = 5.0;
				TARGETED_DEVICE_FAMILY = "1,2";
			};
			name = Release;
		};
		63CEE3F72F6C86C6001EA186 /* Debug */ = {
			isa = XCBuildConfiguration;
			buildSettings = {
				ALWAYS_SEARCH_USER_PATHS = NO;
				ASSETCATALOG_COMPILER_GENERATE_SWIFT_ASSET_SYMBOL_EXTENSIONS = YES;
				CLANG_ANALYZER_NONNULL = YES;
				CLANG_ANALYZER_NUMBER_OBJECT_CONVERSION = YES_AGGRESSIVE;
				CLANG_CXX_LANGUAGE_STANDARD = "gnu++20";
				CLANG_ENABLE_MODULES = YES;
				CLANG_ENABLE_OBJC_ARC = YES;
				CLANG_ENABLE_OBJC_WEAK = YES;
				CLANG_WARN_BLOCK_CAPTURE_AUTORELEASING = YES;
				CLANG_WARN_BOOL_CONVERSION = YES;
				CLANG_WARN_COMMA = YES;
				CLANG_WARN_CONSTANT_CONVERSION = YES;
				CLANG_WARN_DEPRECATED_OBJC_IMPLEMENTATIONS = YES;
				CLANG_WARN_DIRECT_OBJC_ISA_USAGE = YES_ERROR;
				CLANG_WARN_DOCUMENTATION_COMMENTS = YES;
				CLANG_WARN_EMPTY_BODY = YES;
				CLANG_WARN_ENUM_CONVERSION = YES;
				CLANG_WARN_INFINITE_RECURSION = YES;
				CLANG_WARN_INT_CONVERSION = YES;
				CLANG_WARN_NON_LITERAL_NULL_CONVERSION = YES;
				CLANG_WARN_OBJC_IMPLICIT_RETAIN_SELF = YES;
				CLANG_WARN_OBJC_LITERAL_CONVERSION = YES;
				CLANG_WARN_OBJC_ROOT_CLASS = YES_ERROR;
				CLANG_WARN_QUOTED_INCLUDE_IN_FRAMEWORK_HEADER = YES;
				CLANG_WARN_RANGE_LOOP_ANALYSIS = YES;
				CLANG_WARN_STRICT_PROTOTYPES = YES;
				CLANG_WARN_SUSPICIOUS_MOVE = YES;
				CLANG_WARN_UNGUARDED_AVAILABILITY = YES_AGGRESSIVE;
				CLANG_WARN_UNREACHABLE_CODE = YES;
				CLANG_WARN__DUPLICATE_METHOD_MATCH = YES;
				COPY_PHASE_STRIP = NO;
				DEBUG_INFORMATION_FORMAT = dwarf;
				DEVELOPMENT_TEAM = HCJNSG5PP5;
				ENABLE_STRICT_OBJC_MSGSEND = YES;
				ENABLE_TESTABILITY = YES;
				ENABLE_USER_SCRIPT_SANDBOXING = YES;
				GCC_C_LANGUAGE_STANDARD = gnu17;
				GCC_DYNAMIC_NO_PIC = NO;
				GCC_NO_COMMON_BLOCKS = YES;
				GCC_OPTIMIZATION_LEVEL = 0;
				GCC_PREPROCESSOR_DEFINITIONS = (
					"DEBUG=1",
					"$(inherited)",
				);
				GCC_WARN_64_TO_32_BIT_CONVERSION = YES;
				GCC_WARN_ABOUT_RETURN_TYPE = YES_ERROR;
				GCC_WARN_UNDECLARED_SELECTOR = YES;
				GCC_WARN_UNINITIALIZED_AUTOS = YES_AGGRESSIVE;
				GCC_WARN_UNUSED_FUNCTION = YES;
				GCC_WARN_UNUSED_VARIABLE = YES;
				IPHONEOS_DEPLOYMENT_TARGET = 26.2;
				LOCALIZATION_PREFERS_STRING_CATALOGS = YES;
				MTL_ENABLE_DEBUG_INFO = INCLUDE_SOURCE;
				MTL_FAST_MATH = YES;
				ONLY_ACTIVE_ARCH = YES;
				SDKROOT = iphoneos;
				SWIFT_ACTIVE_COMPILATION_CONDITIONS = "DEBUG $(inherited)";
				SWIFT_OPTIMIZATION_LEVEL = "-Onone";
			};
			name = Debug;
		};
		63CEE3F82F6C86C6001EA186 /* Release */ = {
			isa = XCBuildConfiguration;
			buildSettings = {
				ALWAYS_SEARCH_USER_PATHS = NO;
				ASSETCATALOG_COMPILER_GENERATE_SWIFT_ASSET_SYMBOL_EXTENSIONS = YES;
				CLANG_ANALYZER_NONNULL = YES;
				CLANG_ANALYZER_NUMBER_OBJECT_CONVERSION = YES_AGGRESSIVE;
				CLANG_CXX_LANGUAGE_STANDARD = "gnu++20";
				CLANG_ENABLE_MODULES = YES;
				CLANG_ENABLE_OBJC_ARC = YES;
				CLANG_ENABLE_OBJC_WEAK = YES;
				CLANG_WARN_BLOCK_CAPTURE_AUTORELEASING = YES;
				CLANG_WARN_BOOL_CONVERSION = YES;
				CLANG_WARN_COMMA = YES;
				CLANG_WARN_CONSTANT_CONVERSION = YES;
				CLANG_WARN_DEPRECATED_OBJC_IMPLEMENTATIONS = YES;
				CLANG_WARN_DIRECT_OBJC_ISA_USAGE = YES_ERROR;
				CLANG_WARN_DOCUMENTATION_COMMENTS = YES;
				CLANG_WARN_EMPTY_BODY = YES;
				CLANG_WARN_ENUM_CONVERSION = YES;
				CLANG_WARN_INFINITE_RECURSION = YES;
				CLANG_WARN_INT_CONVERSION = YES;
				CLANG_WARN_NON_LITERAL_NULL_CONVERSION = YES;
				CLANG_WARN_OBJC_IMPLICIT_RETAIN_SELF = YES;
				CLANG_WARN_OBJC_LITERAL_CONVERSION = YES;
				CLANG_WARN_OBJC_ROOT_CLASS = YES_ERROR;
				CLANG_WARN_QUOTED_INCLUDE_IN_FRAMEWORK_HEADER = YES;
				CLANG_WARN_RANGE_LOOP_ANALYSIS = YES;
				CLANG_WARN_STRICT_PROTOTYPES = YES;
				CLANG_WARN_SUSPICIOUS_MOVE = YES;
				CLANG_WARN_UNGUARDED_AVAILABILITY = YES_AGGRESSIVE;
				CLANG_WARN_UNREACHABLE_CODE = YES;
				CLANG_WARN__DUPLICATE_METHOD_MATCH = YES;
				COPY_PHASE_STRIP = NO;
				DEBUG_INFORMATION_FORMAT = "dwarf-with-dsym";
				DEVELOPMENT_TEAM = HCJNSG5PP5;
				ENABLE_NS_ASSERTIONS = NO;
				ENABLE_STRICT_OBJC_MSGSEND = YES;
				ENABLE_USER_SCRIPT_SANDBOXING = YES;
				GCC_C_LANGUAGE_STANDARD = gnu17;
				GCC_NO_COMMON_BLOCKS = YES;
				GCC_WARN_64_TO_32_BIT_CONVERSION = YES;
				GCC_WARN_ABOUT_RETURN_TYPE = YES_ERROR;
				GCC_WARN_UNDECLARED_SELECTOR = YES;
				GCC_WARN_UNINITIALIZED_AUTOS = YES_AGGRESSIVE;
				GCC_WARN_UNUSED_FUNCTION = YES;
				GCC_WARN_UNUSED_VARIABLE = YES;
				IPHONEOS_DEPLOYMENT_TARGET = 26.2;
				LOCALIZATION_PREFERS_STRING_CATALOGS = YES;
				MTL_ENABLE_DEBUG_INFO = NO;
				MTL_FAST_MATH = YES;
				SDKROOT = iphoneos;
				SWIFT_COMPILATION_MODE = wholemodule;
				VALIDATE_PRODUCT = YES;
			};
			name = Release;
		};
		63CEE3FA2F6C86C6001EA186 /* Debug */ = {
			isa = XCBuildConfiguration;
			buildSettings = {
				ASSETCATALOG_COMPILER_APPICON_NAME = AppIcon;
				ASSETCATALOG_COMPILER_GLOBAL_ACCENT_COLOR_NAME = AccentColor;
				CODE_SIGN_ENTITLEMENTS = MichiganAPIWeather/MichiganAPIWeather.entitlements;
				CODE_SIGN_IDENTITY = "Apple Development";
				CODE_SIGN_STYLE = Automatic;
				CURRENT_PROJECT_VERSION = 1;
				DEVELOPMENT_TEAM = HCJNSG5PP5;
				ENABLE_PREVIEWS = YES;
				GENERATE_INFOPLIST_FILE = YES;
				INFOPLIST_FILE = MichiganAPIWeather/Info.plist;
				INFOPLIST_KEY_CFBundleDisplayName = CoastCast;
				INFOPLIST_KEY_LSApplicationCategoryType = "public.app-category.utilities";
				INFOPLIST_KEY_NSLocationWhenInUseUsageDescription = "CoastCast uses location to suggest nearby beaches";
				INFOPLIST_KEY_UIApplicationSceneManifest_Generation = YES;
				INFOPLIST_KEY_UIApplicationSupportsIndirectInputEvents = YES;
				INFOPLIST_KEY_UILaunchScreen_Generation = YES;
				INFOPLIST_KEY_UISupportedInterfaceOrientations = UIInterfaceOrientationPortrait;
				INFOPLIST_KEY_UISupportedInterfaceOrientations_iPad = "UIInterfaceOrientationLandscapeLeft UIInterfaceOrientationLandscapeRight UIInterfaceOrientationPortrait UIInterfaceOrientationPortraitUpsideDown";
				IPHONEOS_DEPLOYMENT_TARGET = 26.0;
				LD_RUNPATH_SEARCH_PATHS = (
					"$(inherited)",
					"@executable_path/Frameworks",
				);
				MARKETING_VERSION = 0.1.0;
				PRODUCT_BUNDLE_IDENTIFIER = com.henley.jaiden.CoastCast;
				PRODUCT_NAME = "$(TARGET_NAME)";
				PROVISIONING_PROFILE_SPECIFIER = "";
				STRING_CATALOG_GENERATE_SYMBOLS = YES;
				SUPPORTED_PLATFORMS = "iphoneos iphonesimulator";
				SUPPORTS_MACCATALYST = NO;
				SUPPORTS_MAC_DESIGNED_FOR_IPHONE_IPAD = NO;
				SUPPORTS_XR_DESIGNED_FOR_IPHONE_IPAD = NO;
				SWIFT_APPROACHABLE_CONCURRENCY = YES;
				SWIFT_DEFAULT_ACTOR_ISOLATION = MainActor;
				SWIFT_EMIT_LOC_STRINGS = YES;
				SWIFT_UPCOMING_FEATURE_MEMBER_IMPORT_VISIBILITY = YES;
				SWIFT_VERSION = 5.0;
				TARGETED_DEVICE_FAMILY = 1;
			};
			name = Debug;
		};
		63CEE3FB2F6C86C6001EA186 /* Release */ = {
			isa = XCBuildConfiguration;
			buildSettings = {
				ASSETCATALOG_COMPILER_APPICON_NAME = AppIcon;
				ASSETCATALOG_COMPILER_GLOBAL_ACCENT_COLOR_NAME = AccentColor;
				CODE_SIGN_ENTITLEMENTS = MichiganAPIWeather/MichiganAPIWeather.entitlements;
				CODE_SIGN_IDENTITY = "Apple Development";
				CODE_SIGN_STYLE = Automatic;
				CURRENT_PROJECT_VERSION = 1;
				DEVELOPMENT_TEAM = HCJNSG5PP5;
				ENABLE_PREVIEWS = YES;
				GENERATE_INFOPLIST_FILE = YES;
				INFOPLIST_FILE = MichiganAPIWeather/Info.plist;
				INFOPLIST_KEY_CFBundleDisplayName = CoastCast;
				INFOPLIST_KEY_LSApplicationCategoryType = "public.app-category.utilities";
				INFOPLIST_KEY_NSLocationWhenInUseUsageDescription = "CoastCast uses location to suggest nearby beaches";
				INFOPLIST_KEY_UIApplicationSceneManifest_Generation = YES;
				INFOPLIST_KEY_UIApplicationSupportsIndirectInputEvents = YES;
				INFOPLIST_KEY_UILaunchScreen_Generation = YES;
				INFOPLIST_KEY_UISupportedInterfaceOrientations = UIInterfaceOrientationPortrait;
				INFOPLIST_KEY_UISupportedInterfaceOrientations_iPad = "UIInterfaceOrientationLandscapeLeft UIInterfaceOrientationLandscapeRight UIInterfaceOrientationPortrait UIInterfaceOrientationPortraitUpsideDown";
				IPHONEOS_DEPLOYMENT_TARGET = 26.0;
				LD_RUNPATH_SEARCH_PATHS = (
					"$(inherited)",
					"@executable_path/Frameworks",
				);
				MARKETING_VERSION = 0.1.0;
				PRODUCT_BUNDLE_IDENTIFIER = com.henley.jaiden.CoastCast;
				PRODUCT_NAME = "$(TARGET_NAME)";
				PROVISIONING_PROFILE_SPECIFIER = "";
				STRING_CATALOG_GENERATE_SYMBOLS = YES;
				SUPPORTED_PLATFORMS = "iphoneos iphonesimulator";
				SUPPORTS_MACCATALYST = NO;
				SUPPORTS_MAC_DESIGNED_FOR_IPHONE_IPAD = NO;
				SUPPORTS_XR_DESIGNED_FOR_IPHONE_IPAD = NO;
				SWIFT_APPROACHABLE_CONCURRENCY = YES;
				SWIFT_DEFAULT_ACTOR_ISOLATION = MainActor;
				SWIFT_EMIT_LOC_STRINGS = YES;
				SWIFT_UPCOMING_FEATURE_MEMBER_IMPORT_VISIBILITY = YES;
				SWIFT_VERSION = 5.0;
				TARGETED_DEVICE_FAMILY = 1;
			};
			name = Release;
		};
		DEF9A7A22F9BB8D700640CE1 /* Debug */ = {
			isa = XCBuildConfiguration;
			buildSettings = {
				ASSETCATALOG_COMPILER_GLOBAL_ACCENT_COLOR_NAME = AccentColor;
				ASSETCATALOG_COMPILER_WIDGET_BACKGROUND_COLOR_NAME = WidgetBackground;
				CODE_SIGN_STYLE = Automatic;
				CURRENT_PROJECT_VERSION = 1;
				DEVELOPMENT_TEAM = HCJNSG5PP5;
				GENERATE_INFOPLIST_FILE = YES;
				INFOPLIST_FILE = CoastCastWidget/Info.plist;
				INFOPLIST_KEY_CFBundleDisplayName = CoastCastWidget;
				INFOPLIST_KEY_NSHumanReadableCopyright = "";
				IPHONEOS_DEPLOYMENT_TARGET = 26.4;
				LD_RUNPATH_SEARCH_PATHS = (
					"$(inherited)",
					"@executable_path/Frameworks",
					"@executable_path/../../Frameworks",
				);
				MARKETING_VERSION = 1.0;
				PRODUCT_BUNDLE_IDENTIFIER = com.henley.jaiden.CoastCast.CoastCastWidget;
				PRODUCT_NAME = "$(TARGET_NAME)";
				SKIP_INSTALL = YES;
				STRING_CATALOG_GENERATE_SYMBOLS = YES;
				SWIFT_APPROACHABLE_CONCURRENCY = YES;
				SWIFT_EMIT_LOC_STRINGS = YES;
				SWIFT_UPCOMING_FEATURE_MEMBER_IMPORT_VISIBILITY = YES;
				SWIFT_VERSION = 5.0;
				TARGETED_DEVICE_FAMILY = "1,2";
			};
			name = Debug;
		};
		DEF9A7A32F9BB8D700640CE1 /* Release */ = {
			isa = XCBuildConfiguration;
			buildSettings = {
				ASSETCATALOG_COMPILER_GLOBAL_ACCENT_COLOR_NAME = AccentColor;
				ASSETCATALOG_COMPILER_WIDGET_BACKGROUND_COLOR_NAME = WidgetBackground;
				CODE_SIGN_STYLE = Automatic;
				CURRENT_PROJECT_VERSION = 1;
				DEVELOPMENT_TEAM = HCJNSG5PP5;
				GENERATE_INFOPLIST_FILE = YES;
				INFOPLIST_FILE = CoastCastWidget/Info.plist;
				INFOPLIST_KEY_CFBundleDisplayName = CoastCastWidget;
				INFOPLIST_KEY_NSHumanReadableCopyright = "";
				IPHONEOS_DEPLOYMENT_TARGET = 26.4;
				LD_RUNPATH_SEARCH_PATHS = (
					"$(inherited)",
					"@executable_path/Frameworks",
					"@executable_path/../../Frameworks",
				);
				MARKETING_VERSION = 1.0;
				PRODUCT_BUNDLE_IDENTIFIER = com.henley.jaiden.CoastCast.CoastCastWidget;
				PRODUCT_NAME = "$(TARGET_NAME)";
				SKIP_INSTALL = YES;
				STRING_CATALOG_GENERATE_SYMBOLS = YES;
				SWIFT_APPROACHABLE_CONCURRENCY = YES;
				SWIFT_EMIT_LOC_STRINGS = YES;
				SWIFT_UPCOMING_FEATURE_MEMBER_IMPORT_VISIBILITY = YES;
				SWIFT_VERSION = 5.0;
				TARGETED_DEVICE_FAMILY = "1,2";
			};
			name = Release;
		};
/* End XCBuildConfiguration section */

/* Begin XCConfigurationList section */
		63493FA62F86E9BA00C8EB4A /* Build configuration list for PBXNativeTarget "MichiganAPIWeatherTests" */ = {
			isa = XCConfigurationList;
			buildConfigurations = (
				63493FA72F86E9BA00C8EB4A /* Debug */,
				63493FA82F86E9BA00C8EB4A /* Release */,
			);
			defaultConfigurationIsVisible = 0;
			defaultConfigurationName = Release;
		};
		63CEE3E92F6C86C4001EA186 /* Build configuration list for PBXProject "MichiganAPIWeather" */ = {
			isa = XCConfigurationList;
			buildConfigurations = (
				63CEE3F72F6C86C6001EA186 /* Debug */,
				63CEE3F82F6C86C6001EA186 /* Release */,
			);
			defaultConfigurationIsVisible = 0;
			defaultConfigurationName = Release;
		};
		63CEE3F92F6C86C6001EA186 /* Build configuration list for PBXNativeTarget "MichiganAPIWeather" */ = {
			isa = XCConfigurationList;
			buildConfigurations = (
				63CEE3FA2F6C86C6001EA186 /* Debug */,
				63CEE3FB2F6C86C6001EA186 /* Release */,
			);
			defaultConfigurationIsVisible = 0;
			defaultConfigurationName = Release;
		};
		DEF9A7A12F9BB8D700640CE1 /* Build configuration list for PBXNativeTarget "CoastCastWidgetExtension" */ = {
			isa = XCConfigurationList;
			buildConfigurations = (
				DEF9A7A22F9BB8D700640CE1 /* Debug */,
				DEF9A7A32F9BB8D700640CE1 /* Release */,
			);
			defaultConfigurationIsVisible = 0;
			defaultConfigurationName = Release;
		};
/* End XCConfigurationList section */
	};
	rootObject = 63CEE3E62F6C86C4001EA186 /* Project object */;
}
